
Microsoft Visual Studio Solution File, Format Version 12.00
# Visual Studio Version 17
VisualStudioVersion = 17.9.34728.123
MinimumVisualStudioVersion = 10.0.40219.1
Project("{9A19103F-16F7-4668-BE54-9A1E7A4F7556}") = "Common.Application", "Common\Common.Application\Common.Application.csproj", "{FB6322D6-D69D-4399-B5DA-FC27D8F111C6}"
EndProject
Project("{2150E333-8FDC-42A3-9474-1A3956D46DE8}") = "Common", "Common", "{4E815BC6-AFCC-4B9A-823D-9AC18192D5B8}"
EndProject
Project("{9A19103F-16F7-4668-BE54-9A1E7A4F7556}") = "Common.Domain", "Common\Common.Entities\Common.Domain.csproj", "{DCD842B0-C3C6-4878-8C46-D983B8836B42}"
EndProject
Project("{9A19103F-16F7-4668-BE54-9A1E7A4F7556}") = "Common.Infrastructure", "Common\Common.Infrastructure\Common.Infrastructure.csproj", "{ECFABD77-75DA-4D37-A9F6-D2624113CEB5}"
EndProject
Project("{2150E333-8FDC-42A3-9474-1A3956D46DE8}") = "Profile", "Profile", "{28C89F3C-9DD3-4D41-8078-643B4A0A7657}"
EndProject
Project("{9A19103F-16F7-4668-BE54-9A1E7A4F7556}") = "Profile.API", "ProfileService\Profile.API\Profile.API.csproj", "{48548B22-1F26-4593-8DAB-FC9D01DE97F4}"
EndProject
Project("{9A19103F-16F7-4668-BE54-9A1E7A4F7556}") = "Profile.Application", "ProfileService\Profile.Application\Profile.Application.csproj", "{CC1BEA4B-E25A-4AEA-A4C0-848C0ECAFA11}"
EndProject
Project("{9A19103F-16F7-4668-BE54-9A1E7A4F7556}") = "Profile.ApplicationDto", "ProfileService\Profile.ApplicationDto\Profile.ApplicationDto.csproj", "{FE70C34F-7FEF-4264-B725-4CCBCDC1AD94}"
EndProject
Project("{9A19103F-16F7-4668-BE54-9A1E7A4F7556}") = "Profile.Domain", "ProfileService\Profile.Domain\Profile.Domain.csproj", "{090FEAF7-0480-4F6C-9971-18D07819F48E}"
EndProject
Project("{9A19103F-16F7-4668-BE54-9A1E7A4F7556}") = "Profile.Infrastructure", "ProfileService\Profile.Infrastructure\Profile.Infrastructure.csproj", "{C0E98B06-E937-41E6-AED5-F4466F9BF5C0}"
EndProject
Project("{2150E333-8FDC-42A3-9474-1A3956D46DE8}") = "Chat", "Chat", "{37B42C38-99E9-4166-AC2A-056E3AFCD28E}"
EndProject
Project("{2150E333-8FDC-42A3-9474-1A3956D46DE8}") = "Authentication", "Authentication", "{04135CD7-6F46-4546-9707-41F7F30BC496}"
EndProject
Project("{9A19103F-16F7-4668-BE54-9A1E7A4F7556}") = "Chat.API", "ChatService\Chat.API\Chat.API.csproj", "{D4A72BF1-FEDC-4D20-B723-3C43968B9C43}"
EndProject
Project("{9A19103F-16F7-4668-BE54-9A1E7A4F7556}") = "Chat.Application", "ChatService\Chat.Application\Chat.Application.csproj", "{519E10FA-BB0A-4D59-AE2D-01D4077BC5D2}"
EndProject
Project("{9A19103F-16F7-4668-BE54-9A1E7A4F7556}") = "Chat.ApplicationDto", "ChatService\Chat.ApplicationDto\Chat.ApplicationDto.csproj", "{6533563F-392C-44B0-B56D-ACA45BE292EA}"
EndProject
Project("{9A19103F-16F7-4668-BE54-9A1E7A4F7556}") = "Chat.Domain", "ChatService\Chat.Domain\Chat.Domain.csproj", "{A79DF1B7-19FC-475C-9184-8512250F0F0B}"
EndProject
Project("{9A19103F-16F7-4668-BE54-9A1E7A4F7556}") = "Chat.Infrastructure", "ChatService\Chat.Infrastructure\Chat.Infrastructure.csproj", "{B9630A97-782E-4B17-AE5C-5B34EC3ACE65}"
EndProject
Project("{9A19103F-16F7-4668-BE54-9A1E7A4F7556}") = "Authentication.API", "AuthenticationService\Authentication.API\Authentication.API.csproj", "{E580C462-F7D8-4F50-951B-FB20E4593CC7}"
EndProject
Project("{9A19103F-16F7-4668-BE54-9A1E7A4F7556}") = "Authentication.Application", "AuthenticationService\Authentication.Application\Authentication.Application.csproj", "{14440701-883F-4FDF-A260-00FEED418FE5}"
EndProject
Project("{9A19103F-16F7-4668-BE54-9A1E7A4F7556}") = "Authentication.ApplicationDto", "AuthenticationService\Authentication.ApplicationDto\Authentication.ApplicationDto.csproj", "{02979BD4-5E07-40FA-B809-C41B12584BF0}"
EndProject
Project("{9A19103F-16F7-4668-BE54-9A1E7A4F7556}") = "Authentication.Domain", "AuthenticationService\Authentication.Domain\Authentication.Domain.csproj", "{97F4159B-CC5D-4D8E-A09B-8B564F3D706F}"
EndProject
Project("{9A19103F-16F7-4668-BE54-9A1E7A4F7556}") = "Authentication.Infrastructure", "Authentication.Infrastructure\Authentication.Infrastructure.csproj", "{1310808F-4DB9-40E6-BCDB-2A52E60880D4}"
EndProject
Project("{FAE04EC0-301F-11D3-BF4B-00C04F79EFBC}") = "Common.API", "Common\Common.API\Common.API.csproj", "{699F0600-7344-4AC8-8EDC-0B490896DA6E}"
EndProject
Global
	GlobalSection(SolutionConfigurationPlatforms) = preSolution
		Debug|Any CPU = Debug|Any CPU
		Release|Any CPU = Release|Any CPU
	EndGlobalSection
	GlobalSection(ProjectConfigurationPlatforms) = postSolution
		{FB6322D6-D69D-4399-B5DA-FC27D8F111C6}.Debug|Any CPU.ActiveCfg = Debug|Any CPU
		{FB6322D6-D69D-4399-B5DA-FC27D8F111C6}.Debug|Any CPU.Build.0 = Debug|Any CPU
		{FB6322D6-D69D-4399-B5DA-FC27D8F111C6}.Release|Any CPU.ActiveCfg = Release|Any CPU
		{FB6322D6-D69D-4399-B5DA-FC27D8F111C6}.Release|Any CPU.Build.0 = Release|Any CPU
		{DCD842B0-C3C6-4878-8C46-D983B8836B42}.Debug|Any CPU.ActiveCfg = Debug|Any CPU
		{DCD842B0-C3C6-4878-8C46-D983B8836B42}.Debug|Any CPU.Build.0 = Debug|Any CPU
		{DCD842B0-C3C6-4878-8C46-D983B8836B42}.Release|Any CPU.ActiveCfg = Release|Any CPU
		{DCD842B0-C3C6-4878-8C46-D983B8836B42}.Release|Any CPU.Build.0 = Release|Any CPU
		{ECFABD77-75DA-4D37-A9F6-D2624113CEB5}.Debug|Any CPU.ActiveCfg = Debug|Any CPU
		{ECFABD77-75DA-4D37-A9F6-D2624113CEB5}.Debug|Any CPU.Build.0 = Debug|Any CPU
		{ECFABD77-75DA-4D37-A9F6-D2624113CEB5}.Release|Any CPU.ActiveCfg = Release|Any CPU
		{ECFABD77-75DA-4D37-A9F6-D2624113CEB5}.Release|Any CPU.Build.0 = Release|Any CPU
		{48548B22-1F26-4593-8DAB-FC9D01DE97F4}.Debug|Any CPU.ActiveCfg = Debug|Any CPU
		{48548B22-1F26-4593-8DAB-FC9D01DE97F4}.Debug|Any CPU.Build.0 = Debug|Any CPU
		{48548B22-1F26-4593-8DAB-FC9D01DE97F4}.Release|Any CPU.ActiveCfg = Release|Any CPU
		{48548B22-1F26-4593-8DAB-FC9D01DE97F4}.Release|Any CPU.Build.0 = Release|Any CPU
		{CC1BEA4B-E25A-4AEA-A4C0-848C0ECAFA11}.Debug|Any CPU.ActiveCfg = Debug|Any CPU
		{CC1BEA4B-E25A-4AEA-A4C0-848C0ECAFA11}.Debug|Any CPU.Build.0 = Debug|Any CPU
		{CC1BEA4B-E25A-4AEA-A4C0-848C0ECAFA11}.Release|Any CPU.ActiveCfg = Release|Any CPU
		{CC1BEA4B-E25A-4AEA-A4C0-848C0ECAFA11}.Release|Any CPU.Build.0 = Release|Any CPU
		{FE70C34F-7FEF-4264-B725-4CCBCDC1AD94}.Debug|Any CPU.ActiveCfg = Debug|Any CPU
		{FE70C34F-7FEF-4264-B725-4CCBCDC1AD94}.Debug|Any CPU.Build.0 = Debug|Any CPU
		{FE70C34F-7FEF-4264-B725-4CCBCDC1AD94}.Release|Any CPU.ActiveCfg = Release|Any CPU
		{FE70C34F-7FEF-4264-B725-4CCBCDC1AD94}.Release|Any CPU.Build.0 = Release|Any CPU
		{090FEAF7-0480-4F6C-9971-18D07819F48E}.Debug|Any CPU.ActiveCfg = Debug|Any CPU
		{090FEAF7-0480-4F6C-9971-18D07819F48E}.Debug|Any CPU.Build.0 = Debug|Any CPU
		{090FEAF7-0480-4F6C-9971-18D07819F48E}.Release|Any CPU.ActiveCfg = Release|Any CPU
		{090FEAF7-0480-4F6C-9971-18D07819F48E}.Release|Any CPU.Build.0 = Release|Any CPU
		{C0E98B06-E937-41E6-AED5-F4466F9BF5C0}.Debug|Any CPU.ActiveCfg = Debug|Any CPU
		{C0E98B06-E937-41E6-AED5-F4466F9BF5C0}.Debug|Any CPU.Build.0 = Debug|Any CPU
		{C0E98B06-E937-41E6-AED5-F4466F9BF5C0}.Release|Any CPU.ActiveCfg = Release|Any CPU
		{C0E98B06-E937-41E6-AED5-F4466F9BF5C0}.Release|Any CPU.Build.0 = Release|Any CPU
		{D4A72BF1-FEDC-4D20-B723-3C43968B9C43}.Debug|Any CPU.ActiveCfg = Debug|Any CPU
		{D4A72BF1-FEDC-4D20-B723-3C43968B9C43}.Debug|Any CPU.Build.0 = Debug|Any CPU
		{D4A72BF1-FEDC-4D20-B723-3C43968B9C43}.Release|Any CPU.ActiveCfg = Release|Any CPU
		{D4A72BF1-FEDC-4D20-B723-3C43968B9C43}.Release|Any CPU.Build.0 = Release|Any CPU
		{519E10FA-BB0A-4D59-AE2D-01D4077BC5D2}.Debug|Any CPU.ActiveCfg = Debug|Any CPU
		{519E10FA-BB0A-4D59-AE2D-01D4077BC5D2}.Debug|Any CPU.Build.0 = Debug|Any CPU
		{519E10FA-BB0A-4D59-AE2D-01D4077BC5D2}.Release|Any CPU.ActiveCfg = Release|Any CPU
		{519E10FA-BB0A-4D59-AE2D-01D4077BC5D2}.Release|Any CPU.Build.0 = Release|Any CPU
		{6533563F-392C-44B0-B56D-ACA45BE292EA}.Debug|Any CPU.ActiveCfg = Debug|Any CPU
		{6533563F-392C-44B0-B56D-ACA45BE292EA}.Debug|Any CPU.Build.0 = Debug|Any CPU
		{6533563F-392C-44B0-B56D-ACA45BE292EA}.Release|Any CPU.ActiveCfg = Release|Any CPU
		{6533563F-392C-44B0-B56D-ACA45BE292EA}.Release|Any CPU.Build.0 = Release|Any CPU
		{A79DF1B7-19FC-475C-9184-8512250F0F0B}.Debug|Any CPU.ActiveCfg = Debug|Any CPU
		{A79DF1B7-19FC-475C-9184-8512250F0F0B}.Debug|Any CPU.Build.0 = Debug|Any CPU
		{A79DF1B7-19FC-475C-9184-8512250F0F0B}.Release|Any CPU.ActiveCfg = Release|Any CPU
		{A79DF1B7-19FC-475C-9184-8512250F0F0B}.Release|Any CPU.Build.0 = Release|Any CPU
		{B9630A97-782E-4B17-AE5C-5B34EC3ACE65}.Debug|Any CPU.ActiveCfg = Debug|Any CPU
		{B9630A97-782E-4B17-AE5C-5B34EC3ACE65}.Debug|Any CPU.Build.0 = Debug|Any CPU
		{B9630A97-782E-4B17-AE5C-5B34EC3ACE65}.Release|Any CPU.ActiveCfg = Release|Any CPU
		{B9630A97-782E-4B17-AE5C-5B34EC3ACE65}.Release|Any CPU.Build.0 = Release|Any CPU
		{E580C462-F7D8-4F50-951B-FB20E4593CC7}.Debug|Any CPU.ActiveCfg = Debug|Any CPU
		{E580C462-F7D8-4F50-951B-FB20E4593CC7}.Debug|Any CPU.Build.0 = Debug|Any CPU
		{E580C462-F7D8-4F50-951B-FB20E4593CC7}.Release|Any CPU.ActiveCfg = Release|Any CPU
		{E580C462-F7D8-4F50-951B-FB20E4593CC7}.Release|Any CPU.Build.0 = Release|Any CPU
		{14440701-883F-4FDF-A260-00FEED418FE5}.Debug|Any CPU.ActiveCfg = Debug|Any CPU
		{14440701-883F-4FDF-A260-00FEED418FE5}.Debug|Any CPU.Build.0 = Debug|Any CPU
		{14440701-883F-4FDF-A260-00FEED418FE5}.Release|Any CPU.ActiveCfg = Release|Any CPU
		{14440701-883F-4FDF-A260-00FEED418FE5}.Release|Any CPU.Build.0 = Release|Any CPU
		{02979BD4-5E07-40FA-B809-C41B12584BF0}.Debug|Any CPU.ActiveCfg = Debug|Any CPU
		{02979BD4-5E07-40FA-B809-C41B12584BF0}.Debug|Any CPU.Build.0 = Debug|Any CPU
		{02979BD4-5E07-40FA-B809-C41B12584BF0}.Release|Any CPU.ActiveCfg = Release|Any CPU
		{02979BD4-5E07-40FA-B809-C41B12584BF0}.Release|Any CPU.Build.0 = Release|Any CPU
		{97F4159B-CC5D-4D8E-A09B-8B564F3D706F}.Debug|Any CPU.ActiveCfg = Debug|Any CPU
		{97F4159B-CC5D-4D8E-A09B-8B564F3D706F}.Debug|Any CPU.Build.0 = Debug|Any CPU
		{97F4159B-CC5D-4D8E-A09B-8B564F3D706F}.Release|Any CPU.ActiveCfg = Release|Any CPU
		{97F4159B-CC5D-4D8E-A09B-8B564F3D706F}.Release|Any CPU.Build.0 = Release|Any CPU
		{1310808F-4DB9-40E6-BCDB-2A52E60880D4}.Debug|Any CPU.ActiveCfg = Debug|Any CPU
		{1310808F-4DB9-40E6-BCDB-2A52E60880D4}.Debug|Any CPU.Build.0 = Debug|Any CPU
		{1310808F-4DB9-40E6-BCDB-2A52E60880D4}.Release|Any CPU.ActiveCfg = Release|Any CPU
		{1310808F-4DB9-40E6-BCDB-2A52E60880D4}.Release|Any CPU.Build.0 = Release|Any CPU
		{699F0600-7344-4AC8-8EDC-0B490896DA6E}.Debug|Any CPU.ActiveCfg = Debug|Any CPU
		{699F0600-7344-4AC8-8EDC-0B490896DA6E}.Debug|Any CPU.Build.0 = Debug|Any CPU
		{699F0600-7344-4AC8-8EDC-0B490896DA6E}.Release|Any CPU.ActiveCfg = Release|Any CPU
		{699F0600-7344-4AC8-8EDC-0B490896DA6E}.Release|Any CPU.Build.0 = Release|Any CPU
	EndGlobalSection
	GlobalSection(SolutionProperties) = preSolution
		HideSolutionNode = FALSE
	EndGlobalSection
	GlobalSection(NestedProjects) = preSolution
		{FB6322D6-D69D-4399-B5DA-FC27D8F111C6} = {4E815BC6-AFCC-4B9A-823D-9AC18192D5B8}
		{DCD842B0-C3C6-4878-8C46-D983B8836B42} = {4E815BC6-AFCC-4B9A-823D-9AC18192D5B8}
		{ECFABD77-75DA-4D37-A9F6-D2624113CEB5} = {4E815BC6-AFCC-4B9A-823D-9AC18192D5B8}
		{48548B22-1F26-4593-8DAB-FC9D01DE97F4} = {28C89F3C-9DD3-4D41-8078-643B4A0A7657}
		{CC1BEA4B-E25A-4AEA-A4C0-848C0ECAFA11} = {28C89F3C-9DD3-4D41-8078-643B4A0A7657}
		{FE70C34F-7FEF-4264-B725-4CCBCDC1AD94} = {28C89F3C-9DD3-4D41-8078-643B4A0A7657}
		{090FEAF7-0480-4F6C-9971-18D07819F48E} = {28C89F3C-9DD3-4D41-8078-643B4A0A7657}
		{C0E98B06-E937-41E6-AED5-F4466F9BF5C0} = {28C89F3C-9DD3-4D41-8078-643B4A0A7657}
		{D4A72BF1-FEDC-4D20-B723-3C43968B9C43} = {37B42C38-99E9-4166-AC2A-056E3AFCD28E}
		{519E10FA-BB0A-4D59-AE2D-01D4077BC5D2} = {37B42C38-99E9-4166-AC2A-056E3AFCD28E}
		{6533563F-392C-44B0-B56D-ACA45BE292EA} = {37B42C38-99E9-4166-AC2A-056E3AFCD28E}
		{A79DF1B7-19FC-475C-9184-8512250F0F0B} = {37B42C38-99E9-4166-AC2A-056E3AFCD28E}
		{B9630A97-782E-4B17-AE5C-5B34EC3ACE65} = {37B42C38-99E9-4166-AC2A-056E3AFCD28E}
		{E580C462-F7D8-4F50-951B-FB20E4593CC7} = {04135CD7-6F46-4546-9707-41F7F30BC496}
		{14440701-883F-4FDF-A260-00FEED418FE5} = {04135CD7-6F46-4546-9707-41F7F30BC496}
		{02979BD4-5E07-40FA-B809-C41B12584BF0} = {04135CD7-6F46-4546-9707-41F7F30BC496}
		{97F4159B-CC5D-4D8E-A09B-8B564F3D706F} = {04135CD7-6F46-4546-9707-41F7F30BC496}
		{1310808F-4DB9-40E6-BCDB-2A52E60880D4} = {04135CD7-6F46-4546-9707-41F7F30BC496}
		{699F0600-7344-4AC8-8EDC-0B490896DA6E} = {4E815BC6-AFCC-4B9A-823D-9AC18192D5B8}
	EndGlobalSection
	GlobalSection(ExtensibilityGlobals) = postSolution
		SolutionGuid = {191E852D-5F77-44BA-8445-FA2A8F98D527}
	EndGlobalSection
EndGlobal
