
Microsoft Visual Studio Solution File, Format Version 12.00
# Visual Studio Version 17
VisualStudioVersion = 17.9.34728.123
MinimumVisualStudioVersion = 10.0.40219.1
Project("{2150E333-8FDC-42A3-9474-1A3956D46DE8}") = "Common", "Common", "{BDB8C637-D348-4A4A-B92B-4D6597EE05C2}"
EndProject
Project("{2150E333-8FDC-42A3-9474-1A3956D46DE8}") = "ChatService", "ChatService", "{3A42DFE8-F191-4D0A-959B-7512CB568876}"
EndProject
Project("{2150E333-8FDC-42A3-9474-1A3956D46DE8}") = "NotificationService", "NotificationService", "{51C3A0FF-1023-40BA-940B-E9D8AA5A3E23}"
EndProject
Project("{2150E333-8FDC-42A3-9474-1A3956D46DE8}") = "MessageQueueService", "MessageQueueService", "{E621018F-434F-4C0D-8FD9-1E0D14772505}"
EndProject
Project("{2150E333-8FDC-42A3-9474-1A3956D46DE8}") = "SessionService", "SessionService", "{E98E44E0-F84E-4124-A1BE-64B1D8CAF546}"
EndProject
Project("{2150E333-8FDC-42A3-9474-1A3956D46DE8}") = "GroupService", "GroupService", "{96466360-62DE-4216-8683-90694CA311E8}"
EndProject
Project("{2150E333-8FDC-42A3-9474-1A3956D46DE8}") = "AuthenticationService", "AuthenticationService", "{D62DA24A-C72B-4A8B-9614-85EEA27D8129}"
EndProject
Project("{9A19103F-16F7-4668-BE54-9A1E7A4F7556}") = "Common.Domain", "Common.Entities\Common.Domain.csproj", "{35EB37B4-ACEE-4C4F-8E9B-E86EEE0A1959}"
EndProject
Project("{9A19103F-16F7-4668-BE54-9A1E7A4F7556}") = "Common.Infrastructure", "Common.Infrastructure\Common.Infrastructure.csproj", "{684BA00E-FBFC-421E-8C73-0422E0A517AA}"
EndProject
Project("{9A19103F-16F7-4668-BE54-9A1E7A4F7556}") = "Common.Application", "Common.Application\Common.Application.csproj", "{DE225ED2-B49D-4D5E-A9B9-410FF30261BB}"
EndProject
Project("{2150E333-8FDC-42A3-9474-1A3956D46DE8}") = "ProfileService", "ProfileService", "{75BF5541-DBE1-442C-8800-8BD1CA322A4D}"
EndProject
Project("{FAE04EC0-301F-11D3-BF4B-00C04F79EFBC}") = "Profile.API", "Profile.API\Profile.API.csproj", "{D28481AA-C4D5-4C57-8FDD-B5EEBF53EF8E}"
EndProject
Project("{FAE04EC0-301F-11D3-BF4B-00C04F79EFBC}") = "Profile.Domain", "Profile.Domain\Profile.Domain.csproj", "{7BA9879F-31EA-447E-9323-9092481AE3C1}"
	ProjectSection(ProjectDependencies) = postProject
		{35EB37B4-ACEE-4C4F-8E9B-E86EEE0A1959} = {35EB37B4-ACEE-4C4F-8E9B-E86EEE0A1959}
	EndProjectSection
EndProject
Project("{FAE04EC0-301F-11D3-BF4B-00C04F79EFBC}") = "Profile.Infrastructure", "Profile.Infrastructure\Profile.Infrastructure.csproj", "{7E39EE7D-39A4-4A8B-B20C-2D1037BD2B21}"
EndProject
Project("{FAE04EC0-301F-11D3-BF4B-00C04F79EFBC}") = "Profile.Application", "Profile.Application\Profile.Application.csproj", "{B3E8CAB4-1287-4CB6-8A37-60BE4F990FA9}"
EndProject
Project("{FAE04EC0-301F-11D3-BF4B-00C04F79EFBC}") = "Profile.ApplicationDto", "Profile.ApplicationDto\Profile.ApplicationDto.csproj", "{BF7793F9-A60E-4738-93EE-D8F6016D7D07}"
EndProject
Global
	GlobalSection(SolutionConfigurationPlatforms) = preSolution
		Debug|Any CPU = Debug|Any CPU
		Release|Any CPU = Release|Any CPU
	EndGlobalSection
	GlobalSection(ProjectConfigurationPlatforms) = postSolution
		{35EB37B4-ACEE-4C4F-8E9B-E86EEE0A1959}.Debug|Any CPU.ActiveCfg = Debug|Any CPU
		{35EB37B4-ACEE-4C4F-8E9B-E86EEE0A1959}.Debug|Any CPU.Build.0 = Debug|Any CPU
		{35EB37B4-ACEE-4C4F-8E9B-E86EEE0A1959}.Release|Any CPU.ActiveCfg = Release|Any CPU
		{35EB37B4-ACEE-4C4F-8E9B-E86EEE0A1959}.Release|Any CPU.Build.0 = Release|Any CPU
		{684BA00E-FBFC-421E-8C73-0422E0A517AA}.Debug|Any CPU.ActiveCfg = Debug|Any CPU
		{684BA00E-FBFC-421E-8C73-0422E0A517AA}.Debug|Any CPU.Build.0 = Debug|Any CPU
		{684BA00E-FBFC-421E-8C73-0422E0A517AA}.Release|Any CPU.ActiveCfg = Release|Any CPU
		{684BA00E-FBFC-421E-8C73-0422E0A517AA}.Release|Any CPU.Build.0 = Release|Any CPU
		{DE225ED2-B49D-4D5E-A9B9-410FF30261BB}.Debug|Any CPU.ActiveCfg = Debug|Any CPU
		{DE225ED2-B49D-4D5E-A9B9-410FF30261BB}.Debug|Any CPU.Build.0 = Debug|Any CPU
		{DE225ED2-B49D-4D5E-A9B9-410FF30261BB}.Release|Any CPU.ActiveCfg = Release|Any CPU
		{DE225ED2-B49D-4D5E-A9B9-410FF30261BB}.Release|Any CPU.Build.0 = Release|Any CPU
		{D28481AA-C4D5-4C57-8FDD-B5EEBF53EF8E}.Debug|Any CPU.ActiveCfg = Debug|Any CPU
		{D28481AA-C4D5-4C57-8FDD-B5EEBF53EF8E}.Debug|Any CPU.Build.0 = Debug|Any CPU
		{D28481AA-C4D5-4C57-8FDD-B5EEBF53EF8E}.Release|Any CPU.ActiveCfg = Release|Any CPU
		{D28481AA-C4D5-4C57-8FDD-B5EEBF53EF8E}.Release|Any CPU.Build.0 = Release|Any CPU
		{7BA9879F-31EA-447E-9323-9092481AE3C1}.Debug|Any CPU.ActiveCfg = Debug|Any CPU
		{7BA9879F-31EA-447E-9323-9092481AE3C1}.Debug|Any CPU.Build.0 = Debug|Any CPU
		{7BA9879F-31EA-447E-9323-9092481AE3C1}.Release|Any CPU.ActiveCfg = Release|Any CPU
		{7BA9879F-31EA-447E-9323-9092481AE3C1}.Release|Any CPU.Build.0 = Release|Any CPU
		{7E39EE7D-39A4-4A8B-B20C-2D1037BD2B21}.Debug|Any CPU.ActiveCfg = Debug|Any CPU
		{7E39EE7D-39A4-4A8B-B20C-2D1037BD2B21}.Debug|Any CPU.Build.0 = Debug|Any CPU
		{7E39EE7D-39A4-4A8B-B20C-2D1037BD2B21}.Release|Any CPU.ActiveCfg = Release|Any CPU
		{7E39EE7D-39A4-4A8B-B20C-2D1037BD2B21}.Release|Any CPU.Build.0 = Release|Any CPU
		{B3E8CAB4-1287-4CB6-8A37-60BE4F990FA9}.Debug|Any CPU.ActiveCfg = Debug|Any CPU
		{B3E8CAB4-1287-4CB6-8A37-60BE4F990FA9}.Debug|Any CPU.Build.0 = Debug|Any CPU
		{B3E8CAB4-1287-4CB6-8A37-60BE4F990FA9}.Release|Any CPU.ActiveCfg = Release|Any CPU
		{B3E8CAB4-1287-4CB6-8A37-60BE4F990FA9}.Release|Any CPU.Build.0 = Release|Any CPU
		{BF7793F9-A60E-4738-93EE-D8F6016D7D07}.Debug|Any CPU.ActiveCfg = Debug|Any CPU
		{BF7793F9-A60E-4738-93EE-D8F6016D7D07}.Debug|Any CPU.Build.0 = Debug|Any CPU
		{BF7793F9-A60E-4738-93EE-D8F6016D7D07}.Release|Any CPU.ActiveCfg = Release|Any CPU
		{BF7793F9-A60E-4738-93EE-D8F6016D7D07}.Release|Any CPU.Build.0 = Release|Any CPU
	EndGlobalSection
	GlobalSection(SolutionProperties) = preSolution
		HideSolutionNode = FALSE
	EndGlobalSection
	GlobalSection(NestedProjects) = preSolution
		{35EB37B4-ACEE-4C4F-8E9B-E86EEE0A1959} = {BDB8C637-D348-4A4A-B92B-4D6597EE05C2}
		{684BA00E-FBFC-421E-8C73-0422E0A517AA} = {BDB8C637-D348-4A4A-B92B-4D6597EE05C2}
		{DE225ED2-B49D-4D5E-A9B9-410FF30261BB} = {BDB8C637-D348-4A4A-B92B-4D6597EE05C2}
		{D28481AA-C4D5-4C57-8FDD-B5EEBF53EF8E} = {75BF5541-DBE1-442C-8800-8BD1CA322A4D}
		{7BA9879F-31EA-447E-9323-9092481AE3C1} = {75BF5541-DBE1-442C-8800-8BD1CA322A4D}
		{7E39EE7D-39A4-4A8B-B20C-2D1037BD2B21} = {75BF5541-DBE1-442C-8800-8BD1CA322A4D}
		{B3E8CAB4-1287-4CB6-8A37-60BE4F990FA9} = {75BF5541-DBE1-442C-8800-8BD1CA322A4D}
		{BF7793F9-A60E-4738-93EE-D8F6016D7D07} = {75BF5541-DBE1-442C-8800-8BD1CA322A4D}
	EndGlobalSection
	GlobalSection(ExtensibilityGlobals) = postSolution
		SolutionGuid = {191E852D-5F77-44BA-8445-FA2A8F98D527}
	EndGlobalSection
EndGlobal
