
Microsoft Visual Studio Solution File, Format Version 12.00
# Visual Studio Version 17
VisualStudioVersion = 17.9.34728.123
MinimumVisualStudioVersion = 10.0.40219.1
Project("{2150E333-8FDC-42A3-9474-1A3956D46DE8}") = "UserService", "UserService", "{75164C04-EBCF-4A78-9383-FFA01DDFA0D0}"
EndProject
Project("{2150E333-8FDC-42A3-9474-1A3956D46DE8}") = "Common", "Common", "{BDB8C637-D348-4A4A-B92B-4D6597EE05C2}"
EndProject
Project("{2150E333-8FDC-42A3-9474-1A3956D46DE8}") = "ChatService", "ChatService", "{3A42DFE8-F191-4D0A-959B-7512CB568876}"
EndProject
Project("{2150E333-8FDC-42A3-9474-1A3956D46DE8}") = "NotificationService", "NotificationService", "{51C3A0FF-1023-40BA-940B-E9D8AA5A3E23}"
EndProject
Project("{2150E333-8FDC-42A3-9474-1A3956D46DE8}") = "MessageQueueService", "MessageQueueService", "{E621018F-434F-4C0D-8FD9-1E0D14772505}"
EndProject
Project("{2150E333-8FDC-42A3-9474-1A3956D46DE8}") = "SessionService", "SessionService", "{E98E44E0-F84E-4124-A1BE-64B1D8CAF546}"
EndProject
Project("{2150E333-8FDC-42A3-9474-1A3956D46DE8}") = "GroupService", "GroupService", "{96466360-62DE-4216-8683-90694CA311E8}"
EndProject
Project("{2150E333-8FDC-42A3-9474-1A3956D46DE8}") = "AuthenticationService", "AuthenticationService", "{D62DA24A-C72B-4A8B-9614-85EEA27D8129}"
EndProject
Project("{9A19103F-16F7-4668-BE54-9A1E7A4F7556}") = "SCHS.User.API", "SCHS.User.API\SCHS.User.API.csproj", "{2EF23562-CC44-481B-BE60-295778510B29}"
EndProject
Project("{9A19103F-16F7-4668-BE54-9A1E7A4F7556}") = "SCHS.User.Application", "SCHS.User.Application\SCHS.User.Application.csproj", "{5C22F842-E846-400F-98BD-E6FBB0E7A38E}"
EndProject
Project("{9A19103F-16F7-4668-BE54-9A1E7A4F7556}") = "SCHS.User.ApplicationDto", "SCHS.User.ApplicationDto\SCHS.User.ApplicationDto.csproj", "{D5050F6C-0478-4441-A7FB-09B7DBAC0DAA}"
EndProject
Project("{9A19103F-16F7-4668-BE54-9A1E7A4F7556}") = "SCHS.User.Domain", "SCHS.User.Domain\SCHS.User.Domain.csproj", "{B5024F94-4BBC-4676-AD96-FE9A12594509}"
EndProject
Project("{9A19103F-16F7-4668-BE54-9A1E7A4F7556}") = "SCHS.User.Infrastructure", "SCHS.User.Infrastructure\SCHS.User.Infrastructure.csproj", "{7C24FF52-859D-4E2B-849D-A7D4CFBEF981}"
EndProject
Project("{9A19103F-16F7-4668-BE54-9A1E7A4F7556}") = "Common.Entities", "Common.Entities\Common.Entities.csproj", "{35EB37B4-ACEE-4C4F-8E9B-E86EEE0A1959}"
EndProject
Project("{FAE04EC0-301F-11D3-BF4B-00C04F79EFBC}") = "Common.Infrastructure", "Common.Infrastructure\Common.Infrastructure.csproj", "{684BA00E-FBFC-421E-8C73-0422E0A517AA}"
EndProject
Project("{FAE04EC0-301F-11D3-BF4B-00C04F79EFBC}") = "Common.Application", "Common.Application\Common.Application.csproj", "{DE225ED2-B49D-4D5E-A9B9-410FF30261BB}"
EndProject
Global
	GlobalSection(SolutionConfigurationPlatforms) = preSolution
		Debug|Any CPU = Debug|Any CPU
		Release|Any CPU = Release|Any CPU
	EndGlobalSection
	GlobalSection(ProjectConfigurationPlatforms) = postSolution
		{2EF23562-CC44-481B-BE60-295778510B29}.Debug|Any CPU.ActiveCfg = Debug|Any CPU
		{2EF23562-CC44-481B-BE60-295778510B29}.Debug|Any CPU.Build.0 = Debug|Any CPU
		{2EF23562-CC44-481B-BE60-295778510B29}.Release|Any CPU.ActiveCfg = Release|Any CPU
		{2EF23562-CC44-481B-BE60-295778510B29}.Release|Any CPU.Build.0 = Release|Any CPU
		{5C22F842-E846-400F-98BD-E6FBB0E7A38E}.Debug|Any CPU.ActiveCfg = Debug|Any CPU
		{5C22F842-E846-400F-98BD-E6FBB0E7A38E}.Debug|Any CPU.Build.0 = Debug|Any CPU
		{5C22F842-E846-400F-98BD-E6FBB0E7A38E}.Release|Any CPU.ActiveCfg = Release|Any CPU
		{5C22F842-E846-400F-98BD-E6FBB0E7A38E}.Release|Any CPU.Build.0 = Release|Any CPU
		{D5050F6C-0478-4441-A7FB-09B7DBAC0DAA}.Debug|Any CPU.ActiveCfg = Debug|Any CPU
		{D5050F6C-0478-4441-A7FB-09B7DBAC0DAA}.Debug|Any CPU.Build.0 = Debug|Any CPU
		{D5050F6C-0478-4441-A7FB-09B7DBAC0DAA}.Release|Any CPU.ActiveCfg = Release|Any CPU
		{D5050F6C-0478-4441-A7FB-09B7DBAC0DAA}.Release|Any CPU.Build.0 = Release|Any CPU
		{B5024F94-4BBC-4676-AD96-FE9A12594509}.Debug|Any CPU.ActiveCfg = Debug|Any CPU
		{B5024F94-4BBC-4676-AD96-FE9A12594509}.Debug|Any CPU.Build.0 = Debug|Any CPU
		{B5024F94-4BBC-4676-AD96-FE9A12594509}.Release|Any CPU.ActiveCfg = Release|Any CPU
		{B5024F94-4BBC-4676-AD96-FE9A12594509}.Release|Any CPU.Build.0 = Release|Any CPU
		{7C24FF52-859D-4E2B-849D-A7D4CFBEF981}.Debug|Any CPU.ActiveCfg = Debug|Any CPU
		{7C24FF52-859D-4E2B-849D-A7D4CFBEF981}.Debug|Any CPU.Build.0 = Debug|Any CPU
		{7C24FF52-859D-4E2B-849D-A7D4CFBEF981}.Release|Any CPU.ActiveCfg = Release|Any CPU
		{7C24FF52-859D-4E2B-849D-A7D4CFBEF981}.Release|Any CPU.Build.0 = Release|Any CPU
		{35EB37B4-ACEE-4C4F-8E9B-E86EEE0A1959}.Debug|Any CPU.ActiveCfg = Debug|Any CPU
		{35EB37B4-ACEE-4C4F-8E9B-E86EEE0A1959}.Debug|Any CPU.Build.0 = Debug|Any CPU
		{35EB37B4-ACEE-4C4F-8E9B-E86EEE0A1959}.Release|Any CPU.ActiveCfg = Release|Any CPU
		{35EB37B4-ACEE-4C4F-8E9B-E86EEE0A1959}.Release|Any CPU.Build.0 = Release|Any CPU
		{684BA00E-FBFC-421E-8C73-0422E0A517AA}.Debug|Any CPU.ActiveCfg = Debug|Any CPU
		{684BA00E-FBFC-421E-8C73-0422E0A517AA}.Debug|Any CPU.Build.0 = Debug|Any CPU
		{684BA00E-FBFC-421E-8C73-0422E0A517AA}.Release|Any CPU.ActiveCfg = Release|Any CPU
		{684BA00E-FBFC-421E-8C73-0422E0A517AA}.Release|Any CPU.Build.0 = Release|Any CPU
		{DE225ED2-B49D-4D5E-A9B9-410FF30261BB}.Debug|Any CPU.ActiveCfg = Debug|Any CPU
		{DE225ED2-B49D-4D5E-A9B9-410FF30261BB}.Debug|Any CPU.Build.0 = Debug|Any CPU
		{DE225ED2-B49D-4D5E-A9B9-410FF30261BB}.Release|Any CPU.ActiveCfg = Release|Any CPU
		{DE225ED2-B49D-4D5E-A9B9-410FF30261BB}.Release|Any CPU.Build.0 = Release|Any CPU
	EndGlobalSection
	GlobalSection(SolutionProperties) = preSolution
		HideSolutionNode = FALSE
	EndGlobalSection
	GlobalSection(NestedProjects) = preSolution
		{2EF23562-CC44-481B-BE60-295778510B29} = {75164C04-EBCF-4A78-9383-FFA01DDFA0D0}
		{5C22F842-E846-400F-98BD-E6FBB0E7A38E} = {75164C04-EBCF-4A78-9383-FFA01DDFA0D0}
		{D5050F6C-0478-4441-A7FB-09B7DBAC0DAA} = {75164C04-EBCF-4A78-9383-FFA01DDFA0D0}
		{B5024F94-4BBC-4676-AD96-FE9A12594509} = {75164C04-EBCF-4A78-9383-FFA01DDFA0D0}
		{7C24FF52-859D-4E2B-849D-A7D4CFBEF981} = {75164C04-EBCF-4A78-9383-FFA01DDFA0D0}
		{35EB37B4-ACEE-4C4F-8E9B-E86EEE0A1959} = {BDB8C637-D348-4A4A-B92B-4D6597EE05C2}
		{684BA00E-FBFC-421E-8C73-0422E0A517AA} = {BDB8C637-D348-4A4A-B92B-4D6597EE05C2}
		{DE225ED2-B49D-4D5E-A9B9-410FF30261BB} = {BDB8C637-D348-4A4A-B92B-4D6597EE05C2}
	EndGlobalSection
	GlobalSection(ExtensibilityGlobals) = postSolution
		SolutionGuid = {191E852D-5F77-44BA-8445-FA2A8F98D527}
	EndGlobalSection
EndGlobal
